// !$*UTF8*$!
{
	archiveVersion = 1;
	classes = {
	};
	objectVersion = 77;
	objects = {

/* Begin PBXContainerItemProxy section */
		AA9DAFA02F90F36F00DE2DD9 /* PBXContainerItemProxy */ = {
			isa = PBXContainerItemProxy;
			containerPortal = AA9DAF8A2F90F36B00DE2DD9 /* Project object */;
			proxyType = 1;
			remoteGlobalIDString = AA9DAF912F90F36B00DE2DD9;
			remoteInfo = "Voice Live Blueprint";
		};
		AA9DAFAA2F90F36F00DE2DD9 /* PBXContainerItemProxy */ = {
			isa = PBXContainerItemProxy;
			containerPortal = AA9DAF8A2F90F36B00DE2DD9 /* Project object */;
			proxyType = 1;
			remoteGlobalIDString = AA9DAF912F90F36B00DE2DD9;
			remoteInfo = "Voice Live Blueprint";
		};
/* End PBXContainerItemProxy section */

/* Begin PBXFileReference section */
		AA9DAF922F90F36B00DE2DD9 /* Voice Live Blueprint.app */ = {isa = PBXFileReference; explicitFileType = wrapper.application; includeInIndex = 0; path = "Voice Live Blueprint.app"; sourceTree = BUILT_PRODUCTS_DIR; };
		AA9DAF9F2F90F36F00DE2DD9 /* Voice Live BlueprintTests.xctest */ = {isa = PBXFileReference; explicitFileType = wrapper.cfbundle; includeInIndex = 0; path = "Voice Live BlueprintTests.xctest"; sourceTree = BUILT_PRODUCTS_DIR; };
		AA9DAFA92F90F36F00DE2DD9 /* Voice Live BlueprintUITests.xctest */ = {isa = PBXFileReference; explicitFileType = wrapper.cfbundle; includeInIndex = 0; path = "Voice Live BlueprintUITests.xctest"; sourceTree = BUILT_PRODUCTS_DIR; };
/* End PBXFileReference section */

/* Begin PBXFileSystemSynchronizedRootGroup section */
		AA9DAF942F90F36B00DE2DD9 /* Voice Live Blueprint */ = {
			isa = PBXFileSystemSynchronizedRootGroup;
			path = "Voice Live Blueprint";
			sourceTree = "<group>";
		};
		AA9DAFA22F90F36F00DE2DD9 /* Voice Live BlueprintTests */ = {
			isa = PBXFileSystemSynchronizedRootGroup;
			path = "Voice Live BlueprintTests";
			sourceTree = "<group>";
		};
		AA9DAFAC2F90F36F00DE2DD9 /* Voice Live BlueprintUITests */ = {
			isa = PBXFileSystemSynchronizedRootGroup;
			path = "Voice Live BlueprintUITests";
			sourceTree = "<group>";
		};
/* End PBXFileSystemSynchronizedRootGroup section */

/* Begin PBXFrameworksBuildPhase section */
		AA9DAF8F2F90F36B00DE2DD9 /* Frameworks */ = {
			isa = PBXFrameworksBuildPhase;
			buildActionMask = 2147483647;
			files = (
			);
			runOnlyForDeploymentPostprocessing = 0;
		};
		AA9DAF9C2F90F36F00DE2DD9 /* Frameworks */ = {
			isa = PBXFrameworksBuildPhase;
			buildActionMask = 2147483647;
			files = (
			);
			runOnlyForDeploymentPostprocessing = 0;
		};
		AA9DAFA62F90F36F00DE2DD9 /* Frameworks */ = {
			isa = PBXFrameworksBuildPhase;
			buildActionMask = 2147483647;
			files = (
			);
			runOnlyForDeploymentPostprocessing = 0;
		};
/* End PBXFrameworksBuildPhase section */

/* Begin PBXGroup section */
		AA9DAF892F90F36B00DE2DD9 = {
			isa = PBXGroup;
			children = (
				AA9DAF942F90F36B00DE2DD9 /* Voice Live Blueprint */,
				AA9DAFA22F90F36F00DE2DD9 /* Voice Live BlueprintTests */,
				AA9DAFAC2F90F36F00DE2DD9 /* Voice Live BlueprintUITests */,
				AA9DAF932F90F36B00DE2DD9 /* Products */,
			);
			sourceTree = "<group>";
		};
		AA9DAF932F90F36B00DE2DD9 /* Products */ = {
			isa = PBXGroup;
			children = (
				AA9DAF922F90F36B00DE2DD9 /* Voice Live Blueprint.app */,
				AA9DAF9F2F90F36F00DE2DD9 /* Voice Live BlueprintTests.xctest */,
				AA9DAFA92F90F36F00DE2DD9 /* Voice Live BlueprintUITests.xctest */,
			);
			name = Products;
			sourceTree = "<group>";
		};
/* End PBXGroup section */

/* Begin PBXNativeTarget section */
		AA9DAF912F90F36B00DE2DD9 /* Voice Live Blueprint */ = {
			isa = PBXNativeTarget;
			buildConfigurationList = AA9DAFB32F90F36F00DE2DD9 /* Build configuration list for PBXNativeTarget "Voice Live Blueprint" */;
			buildPhases = (
				AA9DAF8E2F90F36B00DE2DD9 /* Sources */,
				AA9DAF8F2F90F36B00DE2DD9 /* Frameworks */,
				AA9DAF902F90F36B00DE2DD9 /* Resources */,
			);
			buildRules = (
			);
			dependencies = (
			);
			fileSystemSynchronizedGroups = (
				AA9DAF942F90F36B00DE2DD9 /* Voice Live Blueprint */,
			);
			name = "Voice Live Blueprint";
			packageProductDependencies = (
			);
			productName = "Voice Live Blueprint";
			productReference = AA9DAF922F90F36B00DE2DD9 /* Voice Live Blueprint.app */;
			productType = "com.apple.product-type.application";
		};
		AA9DAF9E2F90F36F00DE2DD9 /* Voice Live BlueprintTests */ = {
			isa = PBXNativeTarget;
			buildConfigurationList = AA9DAFB62F90F36F00DE2DD9 /* Build configuration list for PBXNativeTarget "Voice Live BlueprintTests" */;
			buildPhases = (
				AA9DAF9B2F90F36F00DE2DD9 /* Sources */,
				AA9DAF9C2F90F36F00DE2DD9 /* Frameworks */,
				AA9DAF9D2F90F36F00DE2DD9 /* Resources */,
			);
			buildRules = (
			);
			dependencies = (
				AA9DAFA12F90F36F00DE2DD9 /* PBXTargetDependency */,
			);
			fileSystemSynchronizedGroups = (
				AA9DAFA22F90F36F00DE2DD9 /* Voice Live BlueprintTests */,
			);
			name = "Voice Live BlueprintTests";
			packageProductDependencies = (
			);
			productName = "Voice Live BlueprintTests";
			productReference = AA9DAF9F2F90F36F00DE2DD9 /* Voice Live BlueprintTests.xctest */;
			productType = "com.apple.product-type.bundle.unit-test";
		};
		AA9DAFA82F90F36F00DE2DD9 /* Voice Live BlueprintUITests */ = {
			isa = PBXNativeTarget;
			buildConfigurationList = AA9DAFB92F90F36F00DE2DD9 /* Build configuration list for PBXNativeTarget "Voice Live BlueprintUITests" */;
			buildPhases = (
				AA9DAFA52F90F36F00DE2DD9 /* Sources */,
				AA9DAFA62F90F36F00DE2DD9 /* Frameworks */,
				AA9DAFA72F90F36F00DE2DD9 /* Resources */,
			);
			buildRules = (
			);
			dependencies = (
				AA9DAFAB2F90F36F00DE2DD9 /* PBXTargetDependency */,
			);
			fileSystemSynchronizedGroups = (
				AA9DAFAC2F90F36F00DE2DD9 /* Voice Live BlueprintUITests */,
			);
			name = "Voice Live BlueprintUITests";
			packageProductDependencies = (
			);
			productName = "Voice Live BlueprintUITests";
			productReference = AA9DAFA92F90F36F00DE2DD9 /* Voice Live BlueprintUITests.xctest */;
			productType = "com.apple.product-type.bundle.ui-testing";
		};
/* End PBXNativeTarget section */

/* Begin PBXProject section */
		AA9DAF8A2F90F36B00DE2DD9 /* Project object */ = {
			isa = PBXProject;
			attributes = {
				BuildIndependentTargetsInParallel = 1;
				LastSwiftUpdateCheck = 2640;
				LastUpgradeCheck = 2640;
				TargetAttributes = {
					AA9DAF912F90F36B00DE2DD9 = {
						CreatedOnToolsVersion = 26.4;
					};
					AA9DAF9E2F90F36F00DE2DD9 = {
						CreatedOnToolsVersion = 26.4;
						TestTargetID = AA9DAF912F90F36B00DE2DD9;
					};
					AA9DAFA82F90F36F00DE2DD9 = {
						CreatedOnToolsVersion = 26.4;
						TestTargetID = AA9DAF912F90F36B00DE2DD9;
					};
				};
			};
			buildConfigurationList = AA9DAF8D2F90F36B00DE2DD9 /* Build configuration list for PBXProject "Voice Live Blueprint" */;
			developmentRegion = en;
			hasScannedForEncodings = 0;
			knownRegions = (
				en,
				Base,
			);
			mainGroup = AA9DAF892F90F36B00DE2DD9;
			minimizedProjectReferenceProxies = 1;
			preferredProjectObjectVersion = 77;
			productRefGroup = AA9DAF932F90F36B00DE2DD9 /* Products */;
			projectDirPath = "";
			projectRoot = "";
			targets = (
				AA9DAF912F90F36B00DE2DD9 /* Voice Live Blueprint */,
				AA9DAF9E2F90F36F00DE2DD9 /* Voice Live BlueprintTests */,
				AA9DAFA82F90F36F00DE2DD9 /* Voice Live BlueprintUITests */,
			);
		};
/* End PBXProject section */

/* Begin PBXResourcesBuildPhase section */
		AA9DAF902F90F36B00DE2DD9 /* Resources */ = {
			isa = PBXResourcesBuildPhase;
			buildActionMask = 2147483647;
			files = (
			);
			runOnlyForDeploymentPostprocessing = 0;
		};
		AA9DAF9D2F90F36F00DE2DD9 /* Resources */ = {
			isa = PBXResourcesBuildPhase;
			buildActionMask = 2147483647;
			files = (
			);
			runOnlyForDeploymentPostprocessing = 0;
		};
		AA9DAFA72F90F36F00DE2DD9 /* Resources */ = {
			isa = PBXResourcesBuildPhase;
			buildActionMask = 2147483647;
			files = (
			);
			runOnlyForDeploymentPostprocessing = 0;
		};
/* End PBXResourcesBuildPhase section */

/* Begin PBXSourcesBuildPhase section */
		AA9DAF8E2F90F36B00DE2DD9 /* Sources */ = {
			isa = PBXSourcesBuildPhase;
			buildActionMask = 2147483647;
			files = (
			);
			runOnlyForDeploymentPostprocessing = 0;
		};
		AA9DAF9B2F90F36F00DE2DD9 /* Sources */ = {
			isa = PBXSourcesBuildPhase;
			buildActionMask = 2147483647;
			files = (
			);
			runOnlyForDeploymentPostprocessing = 0;
		};
		AA9DAFA52F90F36F00DE2DD9 /* Sources */ = {
			isa = PBXSourcesBuildPhase;
			buildActionMask = 2147483647;
			files = (
			);
			runOnlyForDeploymentPostprocessing = 0;
		};
/* End PBXSourcesBuildPhase section */

/* Begin PBXTargetDependency section */
		AA9DAFA12F90F36F00DE2DD9 /* PBXTargetDependency */ = {
			isa = PBXTargetDependency;
			target = AA9DAF912F90F36B00DE2DD9 /* Voice Live Blueprint */;
			targetProxy = AA9DAFA02F90F36F00DE2DD9 /* PBXContainerItemProxy */;
		};
		AA9DAFAB2F90F36F00DE2DD9 /* PBXTargetDependency */ = {
			isa = PBXTargetDependency;
			target = AA9DAF912F90F36B00DE2DD9 /* Voice Live Blueprint */;
			targetProxy = AA9DAFAA2F90F36F00DE2DD9 /* PBXContainerItemProxy */;
		};
/* End PBXTargetDependency section */

/* Begin XCBuildConfiguration section */
		AA9DAFB12F90F36F00DE2DD9 /* Debug */ = {
			isa = XCBuildConfiguration;
			buildSettings = {
				ALWAYS_SEARCH_USER_PATHS = NO;
				ASSETCATALOG_COMPILER_GENERATE_SWIFT_ASSET_SYMBOL_EXTENSIONS = YES;
				CLANG_ANALYZER_NONNULL = YES;
				CLANG_ANALYZER_NUMBER_OBJECT_CONVERSION = YES_AGGRESSIVE;
				CLANG_CXX_LANGUAGE_STANDARD = "gnu++20";
				CLANG_ENABLE_MODULES = YES;
				CLANG_ENABLE_OBJC_ARC = YES;
				CLANG_ENABLE_OBJC_WEAK = YES;
				CLANG_WARN_BLOCK_CAPTURE_AUTORELEASING = YES;
				CLANG_WARN_BOOL_CONVERSION = YES;
				CLANG_WARN_COMMA = YES;
				CLANG_WARN_CONSTANT_CONVERSION = YES;
				CLANG_WARN_DEPRECATED_OBJC_IMPLEMENTATIONS = YES;
				CLANG_WARN_DIRECT_OBJC_ISA_USAGE = YES_ERROR;
				CLANG_WARN_DOCUMENTATION_COMMENTS = YES;
				CLANG_WARN_EMPTY_BODY = YES;
				CLANG_WARN_ENUM_CONVERSION = YES;
				CLANG_WARN_INFINITE_RECURSION = YES;
				CLANG_WARN_INT_CONVERSION = YES;
				CLANG_WARN_NON_LITERAL_NULL_CONVERSION = YES;
				CLANG_WARN_OBJC_IMPLICIT_RETAIN_SELF = YES;
				CLANG_WARN_OBJC_LITERAL_CONVERSION = YES;
				CLANG_WARN_OBJC_ROOT_CLASS = YES_ERROR;
				CLANG_WARN_QUOTED_INCLUDE_IN_FRAMEWORK_HEADER = YES;
				CLANG_WARN_RANGE_LOOP_ANALYSIS = YES;
				CLANG_WARN_STRICT_PROTOTYPES = YES;
				CLANG_WARN_SUSPICIOUS_MOVE = YES;
				CLANG_WARN_UNGUARDED_AVAILABILITY = YES_AGGRESSIVE;
				CLANG_WARN_UNREACHABLE_CODE = YES;
				CLANG_WARN__DUPLICATE_METHOD_MATCH = YES;
				COPY_PHASE_STRIP = NO;
				DEBUG_INFORMATION_FORMAT = dwarf;
				DEVELOPMENT_TEAM = 9H3HH42NJ6;
				ENABLE_STRICT_OBJC_MSGSEND = YES;
				ENABLE_TESTABILITY = YES;
				ENABLE_USER_SCRIPT_SANDBOXING = YES;
				GCC_C_LANGUAGE_STANDARD = gnu17;
				GCC_DYNAMIC_NO_PIC = NO;
				GCC_NO_COMMON_BLOCKS = YES;
				GCC_OPTIMIZATION_LEVEL = 0;
				GCC_PREPROCESSOR_DEFINITIONS = (
					"DEBUG=1",
					"$(inherited)",
				);
				GCC_WARN_64_TO_32_BIT_CONVERSION = YES;
				GCC_WARN_ABOUT_RETURN_TYPE = YES_ERROR;
				GCC_WARN_UNDECLARED_SELECTOR = YES;
				GCC_WARN_UNINITIALIZED_AUTOS = YES_AGGRESSIVE;
				GCC_WARN_UNUSED_FUNCTION = YES;
				GCC_WARN_UNUSED_VARIABLE = YES;
				IPHONEOS_DEPLOYMENT_TARGET = 26.4;
				LOCALIZATION_PREFERS_STRING_CATALOGS = YES;
				MTL_ENABLE_DEBUG_INFO = INCLUDE_SOURCE;
				MTL_FAST_MATH = YES;
				ONLY_ACTIVE_ARCH = YES;
				SDKROOT = iphoneos;
				SWIFT_ACTIVE_COMPILATION_CONDITIONS = "DEBUG $(inherited)";
				SWIFT_OPTIMIZATION_LEVEL = "-Onone";
			};
			name = Debug;
		};
		AA9DAFB22F90F36F00DE2DD9 /* Release */ = {
			isa = XCBuildConfiguration;
			buildSettings = {
				ALWAYS_SEARCH_USER_PATHS = NO;
				ASSETCATALOG_COMPILER_GENERATE_SWIFT_ASSET_SYMBOL_EXTENSIONS = YES;
				CLANG_ANALYZER_NONNULL = YES;
				CLANG_ANALYZER_NUMBER_OBJECT_CONVERSION = YES_AGGRESSIVE;
				CLANG_CXX_LANGUAGE_STANDARD = "gnu++20";
				CLANG_ENABLE_MODULES = YES;
				CLANG_ENABLE_OBJC_ARC = YES;
				CLANG_ENABLE_OBJC_WEAK = YES;
				CLANG_WARN_BLOCK_CAPTURE_AUTORELEASING = YES;
				CLANG_WARN_BOOL_CONVERSION = YES;
				CLANG_WARN_COMMA = YES;
				CLANG_WARN_CONSTANT_CONVERSION = YES;
				CLANG_WARN_DEPRECATED_OBJC_IMPLEMENTATIONS = YES;
				CLANG_WARN_DIRECT_OBJC_ISA_USAGE = YES_ERROR;
				CLANG_WARN_DOCUMENTATION_COMMENTS = YES;
				CLANG_WARN_EMPTY_BODY = YES;
				CLANG_WARN_ENUM_CONVERSION = YES;
				CLANG_WARN_INFINITE_RECURSION = YES;
				CLANG_WARN_INT_CONVERSION = YES;
				CLANG_WARN_NON_LITERAL_NULL_CONVERSION = YES;
				CLANG_WARN_OBJC_IMPLICIT_RETAIN_SELF = YES;
				CLANG_WARN_OBJC_LITERAL_CONVERSION = YES;
				CLANG_WARN_OBJC_ROOT_CLASS = YES_ERROR;
				CLANG_WARN_QUOTED_INCLUDE_IN_FRAMEWORK_HEADER = YES;
				CLANG_WARN_RANGE_LOOP_ANALYSIS = YES;
				CLANG_WARN_STRICT_PROTOTYPES = YES;
				CLANG_WARN_SUSPICIOUS_MOVE = YES;
				CLANG_WARN_UNGUARDED_AVAILABILITY = YES_AGGRESSIVE;
				CLANG_WARN_UNREACHABLE_CODE = YES;
				CLANG_WARN__DUPLICATE_METHOD_MATCH = YES;
				COPY_PHASE_STRIP = NO;
				DEBUG_INFORMATION_FORMAT = "dwarf-with-dsym";
				DEVELOPMENT_TEAM = 9H3HH42NJ6;
				ENABLE_NS_ASSERTIONS = NO;
				ENABLE_STRICT_OBJC_MSGSEND = YES;
				ENABLE_USER_SCRIPT_SANDBOXING = YES;
				GCC_C_LANGUAGE_STANDARD = gnu17;
				GCC_NO_COMMON_BLOCKS = YES;
				GCC_WARN_64_TO_32_BIT_CONVERSION = YES;
				GCC_WARN_ABOUT_RETURN_TYPE = YES_ERROR;
				GCC_WARN_UNDECLARED_SELECTOR = YES;
				GCC_WARN_UNINITIALIZED_AUTOS = YES_AGGRESSIVE;
				GCC_WARN_UNUSED_FUNCTION = YES;
				GCC_WARN_UNUSED_VARIABLE = YES;
				IPHONEOS_DEPLOYMENT_TARGET = 26.4;
				LOCALIZATION_PREFERS_STRING_CATALOGS = YES;
				MTL_ENABLE_DEBUG_INFO = NO;
				MTL_FAST_MATH = YES;
				SDKROOT = iphoneos;
				SWIFT_COMPILATION_MODE = wholemodule;
				VALIDATE_PRODUCT = YES;
			};
			name = Release;
		};
		AA9DAFB42F90F36F00DE2DD9 /* Debug */ = {
			isa = XCBuildConfiguration;
			buildSettings = {
				ASSETCATALOG_COMPILER_APPICON_NAME = AppIcon;
				ASSETCATALOG_COMPILER_GLOBAL_ACCENT_COLOR_NAME = AccentColor;
				CODE_SIGN_STYLE = Automatic;
				CURRENT_PROJECT_VERSION = 1;
				DEVELOPMENT_TEAM = 9H3HH42NJ6;
				ENABLE_PREVIEWS = YES;
				GENERATE_INFOPLIST_FILE = YES;
				INFOPLIST_KEY_NSMicrophoneUsageDescription = "This app requires microphone access for voice input and output.";
				INFOPLIST_KEY_UIApplicationSceneManifest_Generation = YES;
				INFOPLIST_KEY_UIApplicationSupportsIndirectInputEvents = YES;
				INFOPLIST_KEY_UILaunchScreen_Generation = YES;
				INFOPLIST_KEY_UISupportedInterfaceOrientations_iPad = "UIInterfaceOrientationPortrait UIInterfaceOrientationPortraitUpsideDown UIInterfaceOrientationLandscapeLeft UIInterfaceOrientationLandscapeRight";
				INFOPLIST_KEY_UISupportedInterfaceOrientations_iPhone = "UIInterfaceOrientationPortrait UIInterfaceOrientationLandscapeLeft UIInterfaceOrientationLandscapeRight";
				LD_RUNPATH_SEARCH_PATHS = (
					"$(inherited)",
					"@executable_path/Frameworks",
				);
				MARKETING_VERSION = 1.0;
				PRODUCT_BUNDLE_IDENTIFIER = "de.dev001.Voice-Live-Blueprint";
				PRODUCT_NAME = "$(TARGET_NAME)";
				STRING_CATALOG_GENERATE_SYMBOLS = YES;
				SWIFT_APPROACHABLE_CONCURRENCY = YES;
				SWIFT_DEFAULT_ACTOR_ISOLATION = MainActor;
				SWIFT_EMIT_LOC_STRINGS = YES;
				SWIFT_UPCOMING_FEATURE_MEMBER_IMPORT_VISIBILITY = YES;
				SWIFT_VERSION = 5.0;
				TARGETED_DEVICE_FAMILY = "1,2";
			};
			name = Debug;
		};
		AA9DAFB52F90F36F00DE2DD9 /* Release */ = {
			isa = XCBuildConfiguration;
			buildSettings = {
				ASSETCATALOG_COMPILER_APPICON_NAME = AppIcon;
				ASSETCATALOG_COMPILER_GLOBAL_ACCENT_COLOR_NAME = AccentColor;
				CODE_SIGN_STYLE = Automatic;
				CURRENT_PROJECT_VERSION = 1;
				DEVELOPMENT_TEAM = 9H3HH42NJ6;
				ENABLE_PREVIEWS = YES;
				GENERATE_INFOPLIST_FILE = YES;
				INFOPLIST_KEY_NSMicrophoneUsageDescription = "This app requires microphone access for voice input and output.";
				INFOPLIST_KEY_UIApplicationSceneManifest_Generation = YES;
				INFOPLIST_KEY_UIApplicationSupportsIndirectInputEvents = YES;
				INFOPLIST_KEY_UILaunchScreen_Generation = YES;
				INFOPLIST_KEY_UISupportedInterfaceOrientations_iPad = "UIInterfaceOrientationPortrait UIInterfaceOrientationPortraitUpsideDown UIInterfaceOrientationLandscapeLeft UIInterfaceOrientationLandscapeRight";
				INFOPLIST_KEY_UISupportedInterfaceOrientations_iPhone = "UIInterfaceOrientationPortrait UIInterfaceOrientationLandscapeLeft UIInterfaceOrientationLandscapeRight";
				LD_RUNPATH_SEARCH_PATHS = (
					"$(inherited)",
					"@executable_path/Frameworks",
				);
				MARKETING_VERSION = 1.0;
				PRODUCT_BUNDLE_IDENTIFIER = "de.dev001.Voice-Live-Blueprint";
				PRODUCT_NAME = "$(TARGET_NAME)";
				STRING_CATALOG_GENERATE_SYMBOLS = YES;
				SWIFT_APPROACHABLE_CONCURRENCY = YES;
				SWIFT_DEFAULT_ACTOR_ISOLATION = MainActor;
				SWIFT_EMIT_LOC_STRINGS = YES;
				SWIFT_UPCOMING_FEATURE_MEMBER_IMPORT_VISIBILITY = YES;
				SWIFT_VERSION = 5.0;
				TARGETED_DEVICE_FAMILY = "1,2";
			};
			name = Release;
		};
		AA9DAFB72F90F36F00DE2DD9 /* Debug */ = {
			isa = XCBuildConfiguration;
			buildSettings = {
				BUNDLE_LOADER = "$(TEST_HOST)";
				CODE_SIGN_STYLE = Automatic;
				CURRENT_PROJECT_VERSION = 1;
				DEVELOPMENT_TEAM = 9H3HH42NJ6;
				GENERATE_INFOPLIST_FILE = YES;
				IPHONEOS_DEPLOYMENT_TARGET = 26.4;
				MARKETING_VERSION = 1.0;
				PRODUCT_BUNDLE_IDENTIFIER = "de.dev001.Voice-Live-BlueprintTests";
				PRODUCT_NAME = "$(TARGET_NAME)";
				STRING_CATALOG_GENERATE_SYMBOLS = NO;
				SWIFT_APPROACHABLE_CONCURRENCY = YES;
				SWIFT_EMIT_LOC_STRINGS = NO;
				SWIFT_UPCOMING_FEATURE_MEMBER_IMPORT_VISIBILITY = YES;
				SWIFT_VERSION = 5.0;
				TARGETED_DEVICE_FAMILY = "1,2";
				TEST_HOST = "$(BUILT_PRODUCTS_DIR)/Voice Live Blueprint.app/$(BUNDLE_EXECUTABLE_FOLDER_PATH)/Voice Live Blueprint";
			};
			name = Debug;
		};
		AA9DAFB82F90F36F00DE2DD9 /* Release */ = {
			isa = XCBuildConfiguration;
			buildSettings = {
				BUNDLE_LOADER = "$(TEST_HOST)";
				CODE_SIGN_STYLE = Automatic;
				CURRENT_PROJECT_VERSION = 1;
				DEVELOPMENT_TEAM = 9H3HH42NJ6;
				GENERATE_INFOPLIST_FILE = YES;
				IPHONEOS_DEPLOYMENT_TARGET = 26.4;
				MARKETING_VERSION = 1.0;
				PRODUCT_BUNDLE_IDENTIFIER = "de.dev001.Voice-Live-BlueprintTests";
				PRODUCT_NAME = "$(TARGET_NAME)";
				STRING_CATALOG_GENERATE_SYMBOLS = NO;
				SWIFT_APPROACHABLE_CONCURRENCY = YES;
				SWIFT_EMIT_LOC_STRINGS = NO;
				SWIFT_UPCOMING_FEATURE_MEMBER_IMPORT_VISIBILITY = YES;
				SWIFT_VERSION = 5.0;
				TARGETED_DEVICE_FAMILY = "1,2";
				TEST_HOST = "$(BUILT_PRODUCTS_DIR)/Voice Live Blueprint.app/$(BUNDLE_EXECUTABLE_FOLDER_PATH)/Voice Live Blueprint";
			};
			name = Release;
		};
		AA9DAFBA2F90F36F00DE2DD9 /* Debug */ = {
			isa = XCBuildConfiguration;
			buildSettings = {
				CODE_SIGN_STYLE = Automatic;
				CURRENT_PROJECT_VERSION = 1;
				DEVELOPMENT_TEAM = 9H3HH42NJ6;
				GENERATE_INFOPLIST_FILE = YES;
				MARKETING_VERSION = 1.0;
				PRODUCT_BUNDLE_IDENTIFIER = "de.dev001.Voice-Live-BlueprintUITests";
				PRODUCT_NAME = "$(TARGET_NAME)";
				STRING_CATALOG_GENERATE_SYMBOLS = NO;
				SWIFT_APPROACHABLE_CONCURRENCY = YES;
				SWIFT_EMIT_LOC_STRINGS = NO;
				SWIFT_UPCOMING_FEATURE_MEMBER_IMPORT_VISIBILITY = YES;
				SWIFT_VERSION = 5.0;
				TARGETED_DEVICE_FAMILY = "1,2";
				TEST_TARGET_NAME = "Voice Live Blueprint";
			};
			name = Debug;
		};
		AA9DAFBB2F90F36F00DE2DD9 /* Release */ = {
			isa = XCBuildConfiguration;
			buildSettings = {
				CODE_SIGN_STYLE = Automatic;
				CURRENT_PROJECT_VERSION = 1;
				DEVELOPMENT_TEAM = 9H3HH42NJ6;
				GENERATE_INFOPLIST_FILE = YES;
				MARKETING_VERSION = 1.0;
				PRODUCT_BUNDLE_IDENTIFIER = "de.dev001.Voice-Live-BlueprintUITests";
				PRODUCT_NAME = "$(TARGET_NAME)";
				STRING_CATALOG_GENERATE_SYMBOLS = NO;
				SWIFT_APPROACHABLE_CONCURRENCY = YES;
				SWIFT_EMIT_LOC_STRINGS = NO;
				SWIFT_UPCOMING_FEATURE_MEMBER_IMPORT_VISIBILITY = YES;
				SWIFT_VERSION = 5.0;
				TARGETED_DEVICE_FAMILY = "1,2";
				TEST_TARGET_NAME = "Voice Live Blueprint";
			};
			name = Release;
		};
/* End XCBuildConfiguration section */

/* Begin XCConfigurationList section */
		AA9DAF8D2F90F36B00DE2DD9 /* Build configuration list for PBXProject "Voice Live Blueprint" */ = {
			isa = XCConfigurationList;
			buildConfigurations = (
				AA9DAFB12F90F36F00DE2DD9 /* Debug */,
				AA9DAFB22F90F36F00DE2DD9 /* Release */,
			);
			defaultConfigurationIsVisible = 0;
			defaultConfigurationName = Release;
		};
		AA9DAFB32F90F36F00DE2DD9 /* Build configuration list for PBXNativeTarget "Voice Live Blueprint" */ = {
			isa = XCConfigurationList;
			buildConfigurations = (
				AA9DAFB42F90F36F00DE2DD9 /* Debug */,
				AA9DAFB52F90F36F00DE2DD9 /* Release */,
			);
			defaultConfigurationIsVisible = 0;
			defaultConfigurationName = Release;
		};
		AA9DAFB62F90F36F00DE2DD9 /* Build configuration list for PBXNativeTarget "Voice Live BlueprintTests" */ = {
			isa = XCConfigurationList;
			buildConfigurations = (
				AA9DAFB72F90F36F00DE2DD9 /* Debug */,
				AA9DAFB82F90F36F00DE2DD9 /* Release */,
			);
			defaultConfigurationIsVisible = 0;
			defaultConfigurationName = Release;
		};
		AA9DAFB92F90F36F00DE2DD9 /* Build configuration list for PBXNativeTarget "Voice Live BlueprintUITests" */ = {
			isa = XCConfigurationList;
			buildConfigurations = (
				AA9DAFBA2F90F36F00DE2DD9 /* Debug */,
				AA9DAFBB2F90F36F00DE2DD9 /* Release */,
			);
			defaultConfigurationIsVisible = 0;
			defaultConfigurationName = Release;
		};
/* End XCConfigurationList section */
	};
	rootObject = AA9DAF8A2F90F36B00DE2DD9 /* Project object */;
}
